
Microsoft Visual Studio Solution File, Format Version 12.00
# Visual Studio Version 16
VisualStudioVersion = 25.0.1704.0
MinimumVisualStudioVersion = 10.0.40219.1
Project("{FAE04EC0-301F-11D3-BF4B-00C04F79EFBC}") = "gulgenclik", "gulgenclik\gulgenclik.csproj", "{EB93A065-F1D5-4A9C-81AD-435ED54CE9E3}"
EndProject
Global
	GlobalSection(SolutionConfigurationPlatforms) = preSolution
		Debug|Any CPU = Debug|Any CPU
		Release|Any CPU = Release|Any CPU
	EndGlobalSection
	GlobalSection(ProjectConfigurationPlatforms) = postSolution
		{EB93A065-F1D5-4A9C-81AD-435ED54CE9E3}.Debug|Any CPU.ActiveCfg = Debug|Any CPU
		{EB93A065-F1D5-4A9C-81AD-435ED54CE9E3}.Debug|Any CPU.Build.0 = Debug|Any CPU
		{EB93A065-F1D5-4A9C-81AD-435ED54CE9E3}.Release|Any CPU.ActiveCfg = Release|Any CPU
		{EB93A065-F1D5-4A9C-81AD-435ED54CE9E3}.Release|Any CPU.Build.0 = Release|Any CPU
	EndGlobalSection
	GlobalSection(SolutionProperties) = preSolution
		HideSolutionNode = FALSE
	EndGlobalSection
	GlobalSection(ExtensibilityGlobals) = postSolution
		SolutionGuid = {01D65D30-F5EB-4EFF-9EB9-18FD8D8FCD60}
	EndGlobalSection
EndGlobal
